
Microsoft Visual Studio Solution File, Format Version 12.00
# Visual Studio 15
VisualStudioVersion = 15.0.28307.168
MinimumVisualStudioVersion = 10.0.40219.1
Project("{2150E333-8FDC-42A3-9474-1A3956D46DE8}") = "Feature", "Feature", "{17DD5718-6E13-4F2C-9738-B410396D4552}"
EndProject
Project("{2150E333-8FDC-42A3-9474-1A3956D46DE8}") = "Foundation", "Foundation", "{4FDA1DCD-D33E-447E-91C1-F4AE818E2CF0}"
EndProject
Project("{2150E333-8FDC-42A3-9474-1A3956D46DE8}") = "Project", "Project", "{15D97D61-D597-42EC-B7E9-E9EC8130E630}"
EndProject
Project("{2150E333-8FDC-42A3-9474-1A3956D46DE8}") = "Configuration", "Configuration", "{ADCA10F7-A1D2-407B-8074-60418168C02E}"
	ProjectSection(SolutionItems) = preProject
		.editorconfig = .editorconfig
		.gitattributes = .gitattributes
		.gitignore = .gitignore
		nuget.config = nuget.config
		README.md = README.md
		src\TdsGlobal.config = src\TdsGlobal.config
	EndProjectSection
EndProject
Project("{2150E333-8FDC-42A3-9474-1A3956D46DE8}") = "Documentation", "Documentation", "{DAFED8F5-6CBD-4384-AAD6-DC3BCCF24911}"
	ProjectSection(SolutionItems) = preProject
		documentation\README.md = documentation\README.md
	EndProjectSection
EndProject
Project("{2150E333-8FDC-42A3-9474-1A3956D46DE8}") = "images", "images", "{D27C83D2-2EAF-4E44-A1ED-2B3C2EBB5854}"
	ProjectSection(SolutionItems) = preProject
		documentation\images\deal-with-it.gif = documentation\images\deal-with-it.gif
		documentation\images\hackathon.png = documentation\images\hackathon.png
	EndProjectSection
EndProject
Project("{FAE04EC0-301F-11D3-BF4B-00C04F79EFBC}") = "Hackathon", "src\Project\Hackathon\Hackathon.csproj", "{6C0EA5B9-D09F-4BAA-B5BC-9FFDBD67751A}"
EndProject
Project("{CAA73BB0-EF22-4D79-A57E-DF67B3BA9C80}") = "Hackathon.TDS.Master", "src\Project\Hackathon.TDS.Master\Hackathon.TDS.Master.scproj", "{D5BA796E-4B49-4D06-9909-36F076CEFDCA}"
EndProject
Project("{CAA73BB0-EF22-4D79-A57E-DF67B3BA9C80}") = "Hackathon.TDS.Core", "src\Project\Hackathon.TDS.Core\Hackathon.TDS.Core.scproj", "{1553A96E-23B7-440C-8A6E-9126451A25EB}"
EndProject
Project("{FAE04EC0-301F-11D3-BF4B-00C04F79EFBC}") = "Feature.Hackathon.Globals", "src\Feature\Feature.Hackathon.Globals\Feature.Hackathon.Globals.csproj", "{98B54B46-46A4-4423-BF2B-5A8F8F7BB6B3}"
EndProject
Project("{CAA73BB0-EF22-4D79-A57E-DF67B3BA9C80}") = "Feature.Hackathon.Globals.TDS", "src\Feature\Feature.Hackathon.Globals.TDS\Feature.Hackathon.Globals.TDS.scproj", "{2BDEB9F9-6893-4560-BDD7-50AB816E2BAC}"
EndProject
Project("{FAE04EC0-301F-11D3-BF4B-00C04F79EFBC}") = "Foundation.Hackathon.Helpers", "Foundation.Hackathon.Helpers\Foundation.Hackathon.Helpers.csproj", "{BD0006F7-CF41-42BA-BB05-D7C60E250E7A}"
EndProject
Global
	GlobalSection(SolutionConfigurationPlatforms) = preSolution
		Debug|Any CPU = Debug|Any CPU
		Release|Any CPU = Release|Any CPU
	EndGlobalSection
	GlobalSection(ProjectConfigurationPlatforms) = postSolution
		{6C0EA5B9-D09F-4BAA-B5BC-9FFDBD67751A}.Debug|Any CPU.ActiveCfg = Debug|Any CPU
		{6C0EA5B9-D09F-4BAA-B5BC-9FFDBD67751A}.Debug|Any CPU.Build.0 = Debug|Any CPU
		{6C0EA5B9-D09F-4BAA-B5BC-9FFDBD67751A}.Release|Any CPU.ActiveCfg = Release|Any CPU
		{6C0EA5B9-D09F-4BAA-B5BC-9FFDBD67751A}.Release|Any CPU.Build.0 = Release|Any CPU
		{D5BA796E-4B49-4D06-9909-36F076CEFDCA}.Debug|Any CPU.ActiveCfg = Debug|Any CPU
		{D5BA796E-4B49-4D06-9909-36F076CEFDCA}.Debug|Any CPU.Build.0 = Debug|Any CPU
		{D5BA796E-4B49-4D06-9909-36F076CEFDCA}.Debug|Any CPU.Deploy.0 = Debug|Any CPU
		{D5BA796E-4B49-4D06-9909-36F076CEFDCA}.Release|Any CPU.ActiveCfg = Release|Any CPU
		{D5BA796E-4B49-4D06-9909-36F076CEFDCA}.Release|Any CPU.Build.0 = Release|Any CPU
		{D5BA796E-4B49-4D06-9909-36F076CEFDCA}.Release|Any CPU.Deploy.0 = Release|Any CPU
		{1553A96E-23B7-440C-8A6E-9126451A25EB}.Debug|Any CPU.ActiveCfg = Debug|Any CPU
		{1553A96E-23B7-440C-8A6E-9126451A25EB}.Debug|Any CPU.Build.0 = Debug|Any CPU
		{1553A96E-23B7-440C-8A6E-9126451A25EB}.Debug|Any CPU.Deploy.0 = Debug|Any CPU
		{1553A96E-23B7-440C-8A6E-9126451A25EB}.Release|Any CPU.ActiveCfg = Release|Any CPU
		{1553A96E-23B7-440C-8A6E-9126451A25EB}.Release|Any CPU.Build.0 = Release|Any CPU
		{1553A96E-23B7-440C-8A6E-9126451A25EB}.Release|Any CPU.Deploy.0 = Release|Any CPU
		{98B54B46-46A4-4423-BF2B-5A8F8F7BB6B3}.Debug|Any CPU.ActiveCfg = Debug|Any CPU
		{98B54B46-46A4-4423-BF2B-5A8F8F7BB6B3}.Debug|Any CPU.Build.0 = Debug|Any CPU
		{98B54B46-46A4-4423-BF2B-5A8F8F7BB6B3}.Release|Any CPU.ActiveCfg = Release|Any CPU
		{98B54B46-46A4-4423-BF2B-5A8F8F7BB6B3}.Release|Any CPU.Build.0 = Release|Any CPU
		{2BDEB9F9-6893-4560-BDD7-50AB816E2BAC}.Debug|Any CPU.ActiveCfg = Debug|Any CPU
		{2BDEB9F9-6893-4560-BDD7-50AB816E2BAC}.Debug|Any CPU.Build.0 = Debug|Any CPU
		{2BDEB9F9-6893-4560-BDD7-50AB816E2BAC}.Debug|Any CPU.Deploy.0 = Debug|Any CPU
		{2BDEB9F9-6893-4560-BDD7-50AB816E2BAC}.Release|Any CPU.ActiveCfg = Release|Any CPU
		{2BDEB9F9-6893-4560-BDD7-50AB816E2BAC}.Release|Any CPU.Build.0 = Release|Any CPU
		{2BDEB9F9-6893-4560-BDD7-50AB816E2BAC}.Release|Any CPU.Deploy.0 = Release|Any CPU
		{BD0006F7-CF41-42BA-BB05-D7C60E250E7A}.Debug|Any CPU.ActiveCfg = Debug|Any CPU
		{BD0006F7-CF41-42BA-BB05-D7C60E250E7A}.Debug|Any CPU.Build.0 = Debug|Any CPU
		{BD0006F7-CF41-42BA-BB05-D7C60E250E7A}.Release|Any CPU.ActiveCfg = Release|Any CPU
		{BD0006F7-CF41-42BA-BB05-D7C60E250E7A}.Release|Any CPU.Build.0 = Release|Any CPU
	EndGlobalSection
	GlobalSection(SolutionProperties) = preSolution
		HideSolutionNode = FALSE
	EndGlobalSection
	GlobalSection(NestedProjects) = preSolution
		{D27C83D2-2EAF-4E44-A1ED-2B3C2EBB5854} = {DAFED8F5-6CBD-4384-AAD6-DC3BCCF24911}
		{6C0EA5B9-D09F-4BAA-B5BC-9FFDBD67751A} = {15D97D61-D597-42EC-B7E9-E9EC8130E630}
		{D5BA796E-4B49-4D06-9909-36F076CEFDCA} = {15D97D61-D597-42EC-B7E9-E9EC8130E630}
		{1553A96E-23B7-440C-8A6E-9126451A25EB} = {15D97D61-D597-42EC-B7E9-E9EC8130E630}
		{98B54B46-46A4-4423-BF2B-5A8F8F7BB6B3} = {17DD5718-6E13-4F2C-9738-B410396D4552}
		{2BDEB9F9-6893-4560-BDD7-50AB816E2BAC} = {17DD5718-6E13-4F2C-9738-B410396D4552}
		{BD0006F7-CF41-42BA-BB05-D7C60E250E7A} = {4FDA1DCD-D33E-447E-91C1-F4AE818E2CF0}
	EndGlobalSection
	GlobalSection(ExtensibilityGlobals) = postSolution
		SolutionGuid = {311DA37D-528B-43B2-A99B-E7253F841D46}
	EndGlobalSection
EndGlobal
